{
  "name": "Fit-Hub",
  "lockfileVersion": 2,
  "requires": true,
  "packages": {
    "": {
      "dependencies": {
        "react-native-share": "^7.2.1"
      }
    },
    "node_modules/react-native-share": {
      "version": "7.2.1",
      "resolved": "https://registry.npmjs.org/react-native-share/-/react-native-share-7.2.1.tgz",
      "integrity": "sha512-fZIhwnPDWStjGOEFnbthAMvaldZ4kR1QHNbhr/fNsOcOxrS0gzU6djjg0pqdkPLrpXMl+CeaDU1Rzxl/cJjg2A=="
    }
  },
  "dependencies": {
    "react-native-share": {
      "version": "7.2.1",
      "resolved": "https://registry.npmjs.org/react-native-share/-/react-native-share-7.2.1.tgz",
      "integrity": "sha512-fZIhwnPDWStjGOEFnbthAMvaldZ4kR1QHNbhr/fNsOcOxrS0gzU6djjg0pqdkPLrpXMl+CeaDU1Rzxl/cJjg2A=="
    }
  }
}
