{
  "requires": true,
  "lockfileVersion": 1,
  "dependencies": {
    "lodash": {
      "version": "4.17.21",
      "resolved": "https://registry.npmjs.org/lodash/-/lodash-4.17.21.tgz",
      "integrity": "sha512-v2kDEe57lecTulaDIuNTPy3Ry4gLGJ6Z1O3vE1krgXZNrsQ+LFTGHVxVjcXPs17LhbZVGedAJv8XZ1tvj5FvSg=="
    },
    "react-native-ratings": {
      "version": "8.1.0",
      "resolved": "https://registry.npmjs.org/react-native-ratings/-/react-native-ratings-8.1.0.tgz",
      "integrity": "sha512-+QOJ4G3NjVkI1D+tk4EGx1dCvVfbD2nQdkrj9cXrcAoEiwmbep4z4bZbCKmWMpQ5h2dqbxABU8/eBnbDmvAc3g==",
      "requires": {
        "lodash": "^4.17.15"
      }
    }
  }
}
